
Microsoft Visual Studio Solution File, Format Version 12.00
# Visual Studio Version 17
VisualStudioVersion = 17.9.34701.34
MinimumVisualStudioVersion = 10.0.40219.1
Project("{FAE04EC0-301F-11D3-BF4B-00C04F79EFBC}") = "PersonalFinanceControl", "PersonalFinanceControl.csproj", "{F75B7507-9007-438C-978D-1E2368AF32BD}"
EndProject
Global
	GlobalSection(SolutionConfigurationPlatforms) = preSolution
		Debug|Any CPU = Debug|Any CPU
		Release|Any CPU = Release|Any CPU
	EndGlobalSection
	GlobalSection(ProjectConfigurationPlatforms) = postSolution
		{F75B7507-9007-438C-978D-1E2368AF32BD}.Debug|Any CPU.ActiveCfg = Debug|Any CPU
		{F75B7507-9007-438C-978D-1E2368AF32BD}.Debug|Any CPU.Build.0 = Debug|Any CPU
		{F75B7507-9007-438C-978D-1E2368AF32BD}.Debug|Any CPU.Deploy.0 = Debug|Any CPU
		{F75B7507-9007-438C-978D-1E2368AF32BD}.Release|Any CPU.ActiveCfg = Release|Any CPU
		{F75B7507-9007-438C-978D-1E2368AF32BD}.Release|Any CPU.Build.0 = Release|Any CPU
		{F75B7507-9007-438C-978D-1E2368AF32BD}.Release|Any CPU.Deploy.0 = Release|Any CPU
	EndGlobalSection
	GlobalSection(SolutionProperties) = preSolution
		HideSolutionNode = FALSE
	EndGlobalSection
	GlobalSection(ExtensibilityGlobals) = postSolution
		SolutionGuid = {C8BE8F64-0A3E-4FA3-849F-B71DCB007DF6}
	EndGlobalSection
EndGlobal
